
Microsoft Visual Studio Solution File, Format Version 12.00
# Visual Studio Version 16
VisualStudioVersion = 16.0.28917.181
MinimumVisualStudioVersion = 10.0.40219.1
Project("{9A19103F-16F7-4668-BE54-9A1E7A4F7556}") = "FakkuSync.NET", "FakkuSync.NET\FakkuSync.NET.csproj", "{A44410BF-BCC9-4557-B4A0-9D8B23CD20A4}"
EndProject
Project("{FAE04EC0-301F-11D3-BF4B-00C04F79EFBC}") = "FakkuSync.Core", "FakkuSync.Core\FakkuSync.Core.csproj", "{022D4EFA-8272-4D12-B95D-001DD6315826}"
EndProject
Global
	GlobalSection(SolutionConfigurationPlatforms) = preSolution
		Debug|Any CPU = Debug|Any CPU
		Release|Any CPU = Release|Any CPU
	EndGlobalSection
	GlobalSection(ProjectConfigurationPlatforms) = postSolution
		{A44410BF-BCC9-4557-B4A0-9D8B23CD20A4}.Debug|Any CPU.ActiveCfg = Debug|Any CPU
		{A44410BF-BCC9-4557-B4A0-9D8B23CD20A4}.Debug|Any CPU.Build.0 = Debug|Any CPU
		{A44410BF-BCC9-4557-B4A0-9D8B23CD20A4}.Release|Any CPU.ActiveCfg = Release|Any CPU
		{A44410BF-BCC9-4557-B4A0-9D8B23CD20A4}.Release|Any CPU.Build.0 = Release|Any CPU
		{022D4EFA-8272-4D12-B95D-001DD6315826}.Debug|Any CPU.ActiveCfg = Debug|Any CPU
		{022D4EFA-8272-4D12-B95D-001DD6315826}.Debug|Any CPU.Build.0 = Debug|Any CPU
		{022D4EFA-8272-4D12-B95D-001DD6315826}.Release|Any CPU.ActiveCfg = Release|Any CPU
		{022D4EFA-8272-4D12-B95D-001DD6315826}.Release|Any CPU.Build.0 = Release|Any CPU
	EndGlobalSection
	GlobalSection(SolutionProperties) = preSolution
		HideSolutionNode = FALSE
	EndGlobalSection
	GlobalSection(ExtensibilityGlobals) = postSolution
		SolutionGuid = {B3C4CAD7-E800-4B97-A6F7-58644E32B482}
	EndGlobalSection
EndGlobal
